
Microsoft Visual Studio Solution File, Format Version 12.00
# Visual Studio Version 17
VisualStudioVersion = 17.9.34728.123
MinimumVisualStudioVersion = 10.0.40219.1
Project("{9A19103F-16F7-4668-BE54-9A1E7A4F7556}") = "WebAdminConsole", "WebAdminConsole.csproj", "{4216B3DF-036C-4796-90E1-55C20D2DE5E1}"
EndProject
Global
	GlobalSection(SolutionConfigurationPlatforms) = preSolution
		Debug|Any CPU = Debug|Any CPU
		Release|Any CPU = Release|Any CPU
	EndGlobalSection
	GlobalSection(ProjectConfigurationPlatforms) = postSolution
		{4216B3DF-036C-4796-90E1-55C20D2DE5E1}.Debug|Any CPU.ActiveCfg = Debug|Any CPU
		{4216B3DF-036C-4796-90E1-55C20D2DE5E1}.Debug|Any CPU.Build.0 = Debug|Any CPU
		{4216B3DF-036C-4796-90E1-55C20D2DE5E1}.Release|Any CPU.ActiveCfg = Release|Any CPU
		{4216B3DF-036C-4796-90E1-55C20D2DE5E1}.Release|Any CPU.Build.0 = Release|Any CPU
	EndGlobalSection
	GlobalSection(SolutionProperties) = preSolution
		HideSolutionNode = FALSE
	EndGlobalSection
	GlobalSection(ExtensibilityGlobals) = postSolution
		SolutionGuid = {6475141F-1214-4040-8777-36DE16B3B4E7}
	EndGlobalSection
EndGlobal
